// !$*UTF8*$!
{
	archiveVersion = 1;
	classes = {
	};
	objectVersion = 54;
	objects = {

/* Begin PBXBuildFile section */
		7C076E312D13549A0082C4F9 /* FaceTecSDK.xcframework in Frameworks */ = {isa = PBXBuildFile; fileRef = 7C076E302D13549A0082C4F9 /* FaceTecSDK.xcframework */; };
		7C435D612BA1D46D00A5ADCD /* AzifaceMobile.swift in Sources */ = {isa = PBXBuildFile; fileRef = 7C435D602BA1D46D00A5ADCD /* AzifaceMobile.swift */; };
		7C435D632BA1D56900A5ADCD /* Config.swift in Sources */ = {isa = PBXBuildFile; fileRef = 7C435D622BA1D56900A5ADCD /* Config.swift */; };
		7C435D6A2BA1D69000A5ADCD /* AzifaceMobile.m in Sources */ = {isa = PBXBuildFile; fileRef = 7C435D692BA1D69000A5ADCD /* AzifaceMobile.m */; };
		DD9D60942E71AC8B0009EEB4 /* facescan_successful_sound_file.mp3 in Resources */ = {isa = PBXBuildFile; fileRef = DD9D60782E71A19A0009EEB4 /* facescan_successful_sound_file.mp3 */; };
		DD9D60952E71AC8B0009EEB4 /* please_frame_your_face_sound_file.mp3 in Resources */ = {isa = PBXBuildFile; fileRef = DD9D60792E71A19A0009EEB4 /* please_frame_your_face_sound_file.mp3 */; };
		DD9D60962E71AC8B0009EEB4 /* please_move_closer_sound_file.mp3 in Resources */ = {isa = PBXBuildFile; fileRef = DD9D607A2E71A19A0009EEB4 /* please_move_closer_sound_file.mp3 */; };
		DD9D60972E71AC8B0009EEB4 /* please_press_button_sound_file.mp3 in Resources */ = {isa = PBXBuildFile; fileRef = DD9D607B2E71A19A0009EEB4 /* please_press_button_sound_file.mp3 */; };
		DD9D60982E71AC8B0009EEB4 /* please_retry_sound_file.mp3 in Resources */ = {isa = PBXBuildFile; fileRef = DD9D607C2E71A19A0009EEB4 /* please_retry_sound_file.mp3 */; };
		DD9D60992E71AC8B0009EEB4 /* uploading_sound_file.mp3 in Resources */ = {isa = PBXBuildFile; fileRef = DD9D607D2E71A19A0009EEB4 /* uploading_sound_file.mp3 */; };
		DD9D609A2E71AC8B0009EEB4 /* vocal_guidance_off.mp3 in Resources */ = {isa = PBXBuildFile; fileRef = DD9D607E2E71A19A0009EEB4 /* vocal_guidance_off.mp3 */; };
		DD9D609B2E71AC8B0009EEB4 /* vocal_guidance_on.mp3 in Resources */ = {isa = PBXBuildFile; fileRef = DD9D607F2E71A19A0009EEB4 /* vocal_guidance_on.mp3 */; };
		DD9D609C2E71AC8B0009EEB4 /* FaceTec_OCR_Customization.json in Resources */ = {isa = PBXBuildFile; fileRef = DD9D60762E71A1910009EEB4 /* FaceTec_OCR_Customization.json */; };
/* End PBXBuildFile section */

/* Begin PBXCopyFilesBuildPhase section */
		58B511D91A9E6C8500147676 /* CopyFiles */ = {
			isa = PBXCopyFilesBuildPhase;
			buildActionMask = 2147483647;
			dstPath = "include/$(PRODUCT_NAME)";
			dstSubfolderSpec = 16;
			files = (
			);
			runOnlyForDeploymentPostprocessing = 0;
		};
/* End PBXCopyFilesBuildPhase section */

/* Begin PBXFileReference section */
		134814201AA4EA6300B7C361 /* libAzifaceMobile.a */ = {isa = PBXFileReference; explicitFileType = archive.ar; includeInIndex = 0; path = libAzifaceMobile.a; sourceTree = BUILT_PRODUCTS_DIR; };
		7C076E192D1347930082C4F9 /* FaceTecConfigurationForTestApplication.xcconfig */ = {isa = PBXFileReference; fileEncoding = 4; lastKnownFileType = text.xcconfig; path = FaceTecConfigurationForTestApplication.xcconfig; sourceTree = "<group>"; };
		7C076E1A2D1347930082C4F9 /* FaceTec-de.strings */ = {isa = PBXFileReference; fileEncoding = 4; lastKnownFileType = text.plist.strings; path = "FaceTec-de.strings"; sourceTree = "<group>"; };
		7C076E1B2D1347930082C4F9 /* FaceTec-es.strings */ = {isa = PBXFileReference; fileEncoding = 4; lastKnownFileType = text.plist.strings; path = "FaceTec-es.strings"; sourceTree = "<group>"; };
		7C076E1C2D1347930082C4F9 /* FaceTec-nb.strings */ = {isa = PBXFileReference; fileEncoding = 4; lastKnownFileType = text.plist.strings; path = "FaceTec-nb.strings"; sourceTree = "<group>"; };
		7C076E1D2D1347930082C4F9 /* FaceTec.strings */ = {isa = PBXFileReference; fileEncoding = 4; lastKnownFileType = text.plist.strings; path = FaceTec.strings; sourceTree = "<group>"; };
		7C076E1E2D1347930082C4F9 /* FaceTec-kk.strings */ = {isa = PBXFileReference; fileEncoding = 4; lastKnownFileType = text.plist.strings; path = "FaceTec-kk.strings"; sourceTree = "<group>"; };
		7C076E1F2D1347930082C4F9 /* FaceTec-pt-BR.strings */ = {isa = PBXFileReference; fileEncoding = 4; lastKnownFileType = text.plist.strings; path = "FaceTec-pt-BR.strings"; sourceTree = "<group>"; };
		7C076E202D1347930082C4F9 /* FaceTec-af.strings */ = {isa = PBXFileReference; fileEncoding = 4; lastKnownFileType = text.plist.strings; path = "FaceTec-af.strings"; sourceTree = "<group>"; };
		7C076E212D1347930082C4F9 /* FaceTec-ar.strings */ = {isa = PBXFileReference; fileEncoding = 4; lastKnownFileType = text.plist.strings; path = "FaceTec-ar.strings"; sourceTree = "<group>"; };
		7C076E222D1347930082C4F9 /* FaceTec-fr.strings */ = {isa = PBXFileReference; fileEncoding = 4; lastKnownFileType = text.plist.strings; path = "FaceTec-fr.strings"; sourceTree = "<group>"; };
		7C076E232D1347930082C4F9 /* FaceTec-el.strings */ = {isa = PBXFileReference; fileEncoding = 4; lastKnownFileType = text.plist.strings; path = "FaceTec-el.strings"; sourceTree = "<group>"; };
		7C076E242D1347930082C4F9 /* FaceTec-ru.strings */ = {isa = PBXFileReference; fileEncoding = 4; lastKnownFileType = text.plist.strings; path = "FaceTec-ru.strings"; sourceTree = "<group>"; };
		7C076E302D13549A0082C4F9 /* FaceTecSDK.xcframework */ = {isa = PBXFileReference; lastKnownFileType = wrapper.xcframework; path = FaceTecSDK.xcframework; sourceTree = "<group>"; };
		7C435D602BA1D46D00A5ADCD /* AzifaceMobile.swift */ = {isa = PBXFileReference; lastKnownFileType = sourcecode.swift; path = AzifaceMobile.swift; sourceTree = "<group>"; };
		7C435D622BA1D56900A5ADCD /* Config.swift */ = {isa = PBXFileReference; lastKnownFileType = sourcecode.swift; path = Config.swift; sourceTree = "<group>"; };
		7C435D692BA1D69000A5ADCD /* AzifaceMobile.m */ = {isa = PBXFileReference; lastKnownFileType = sourcecode.c.objc; path = AzifaceMobile.m; sourceTree = "<group>"; };
		7C435D6C2BA1D8DB00A5ADCD /* AzifaceMobile.h */ = {isa = PBXFileReference; lastKnownFileType = sourcecode.c.h; path = AzifaceMobile.h; sourceTree = "<group>"; };
		7C9ECD092BD1449C00638710 /* LivenessCheckProcessor.swift */ = {isa = PBXFileReference; lastKnownFileType = sourcecode.swift; path = LivenessCheckProcessor.swift; sourceTree = "<group>"; };
		7C9ECD0B2BD144AC00638710 /* EnrollmentProcessor.swift */ = {isa = PBXFileReference; lastKnownFileType = sourcecode.swift; path = EnrollmentProcessor.swift; sourceTree = "<group>"; };
		7C9ECD0D2BD144BA00638710 /* AuthenticateProcessor.swift */ = {isa = PBXFileReference; lastKnownFileType = sourcecode.swift; path = AuthenticateProcessor.swift; sourceTree = "<group>"; };
		84F1C9802AB2257700A8261D /* AziFaceViewController.swift */ = {isa = PBXFileReference; lastKnownFileType = sourcecode.swift; path = AziFaceViewController.swift; sourceTree = "<group>"; };
		CEBC6E972AA66F5800A76DE0 /* FaceTecUtilities.swift */ = {isa = PBXFileReference; fileEncoding = 4; lastKnownFileType = sourcecode.swift; path = FaceTecUtilities.swift; sourceTree = "<group>"; };
		CEBC6EA42AA66FDD00A76DE0 /* ThemeHelpers.swift */ = {isa = PBXFileReference; fileEncoding = 4; lastKnownFileType = sourcecode.swift; path = ThemeHelpers.swift; sourceTree = "<group>"; };
		CEBC6EA72AA66FF300A76DE0 /* ProcesingDelegate.swift */ = {isa = PBXFileReference; fileEncoding = 4; lastKnownFileType = sourcecode.swift; path = ProcesingDelegate.swift; sourceTree = "<group>"; };
		CEBC6EA92AA66FF300A76DE0 /* PhotoIDMatchProcessor.swift */ = {isa = PBXFileReference; fileEncoding = 4; lastKnownFileType = sourcecode.swift; path = PhotoIDMatchProcessor.swift; sourceTree = "<group>"; };
		CEBC6EAA2AA66FF300A76DE0 /* PhotoIDScanProcessor.swift */ = {isa = PBXFileReference; fileEncoding = 4; lastKnownFileType = sourcecode.swift; path = PhotoIDScanProcessor.swift; sourceTree = "<group>"; };
		CEE455C22AA6869C0063FD54 /* ThemeUtils.swift */ = {isa = PBXFileReference; lastKnownFileType = sourcecode.swift; path = ThemeUtils.swift; sourceTree = "<group>"; };
		DD9D60762E71A1910009EEB4 /* FaceTec_OCR_Customization.json */ = {isa = PBXFileReference; lastKnownFileType = text.json; path = FaceTec_OCR_Customization.json; sourceTree = "<group>"; };
		DD9D60782E71A19A0009EEB4 /* facescan_successful_sound_file.mp3 */ = {isa = PBXFileReference; lastKnownFileType = audio.mp3; path = facescan_successful_sound_file.mp3; sourceTree = "<group>"; };
		DD9D60792E71A19A0009EEB4 /* please_frame_your_face_sound_file.mp3 */ = {isa = PBXFileReference; lastKnownFileType = audio.mp3; path = please_frame_your_face_sound_file.mp3; sourceTree = "<group>"; };
		DD9D607A2E71A19A0009EEB4 /* please_move_closer_sound_file.mp3 */ = {isa = PBXFileReference; lastKnownFileType = audio.mp3; path = please_move_closer_sound_file.mp3; sourceTree = "<group>"; };
		DD9D607B2E71A19A0009EEB4 /* please_press_button_sound_file.mp3 */ = {isa = PBXFileReference; lastKnownFileType = audio.mp3; path = please_press_button_sound_file.mp3; sourceTree = "<group>"; };
		DD9D607C2E71A19A0009EEB4 /* please_retry_sound_file.mp3 */ = {isa = PBXFileReference; lastKnownFileType = audio.mp3; path = please_retry_sound_file.mp3; sourceTree = "<group>"; };
		DD9D607D2E71A19A0009EEB4 /* uploading_sound_file.mp3 */ = {isa = PBXFileReference; lastKnownFileType = audio.mp3; path = uploading_sound_file.mp3; sourceTree = "<group>"; };
		DD9D607E2E71A19A0009EEB4 /* vocal_guidance_off.mp3 */ = {isa = PBXFileReference; lastKnownFileType = audio.mp3; path = vocal_guidance_off.mp3; sourceTree = "<group>"; };
		DD9D607F2E71A19A0009EEB4 /* vocal_guidance_on.mp3 */ = {isa = PBXFileReference; lastKnownFileType = audio.mp3; path = vocal_guidance_on.mp3; sourceTree = "<group>"; };
		DDFC56672E8AED1900D16F3E /* AzifaceMobile-Bridging-Header.h */ = {isa = PBXFileReference; lastKnownFileType = sourcecode.c.h; path = "AzifaceMobile-Bridging-Header.h"; sourceTree = "<group>"; };
/* End PBXFileReference section */

/* Begin PBXFrameworksBuildPhase section */
		58B511D81A9E6C8500147676 /* Frameworks */ = {
			isa = PBXFrameworksBuildPhase;
			buildActionMask = 2147483647;
			files = (
				7C076E312D13549A0082C4F9 /* FaceTecSDK.xcframework in Frameworks */,
			);
			runOnlyForDeploymentPostprocessing = 0;
		};
/* End PBXFrameworksBuildPhase section */

/* Begin PBXGroup section */
		134814211AA4EA7D00B7C361 /* Products */ = {
			isa = PBXGroup;
			children = (
				134814201AA4EA6300B7C361 /* libAzifaceMobile.a */,
			);
			name = Products;
			sourceTree = "<group>";
		};
		58B511D21A9E6C8500147676 = {
			isa = PBXGroup;
			children = (
				DDFC56672E8AED1900D16F3E /* AzifaceMobile-Bridging-Header.h */,
				DD9D60802E71A19A0009EEB4 /* VocalGuidanceSoundFiles */,
				DD9D60762E71A1910009EEB4 /* FaceTec_OCR_Customization.json */,
				CEBC6EA22AA66FC900A76DE0 /* Processors */,
				CEBC6E962AA66F4E00A76DE0 /* Utilities */,
				CEBC6E932AA66F4000A76DE0 /* ViewController */,
				7C435D602BA1D46D00A5ADCD /* AzifaceMobile.swift */,
				7C076E202D1347930082C4F9 /* FaceTec-af.strings */,
				7C076E212D1347930082C4F9 /* FaceTec-ar.strings */,
				7C076E1A2D1347930082C4F9 /* FaceTec-de.strings */,
				7C076E232D1347930082C4F9 /* FaceTec-el.strings */,
				7C076E1B2D1347930082C4F9 /* FaceTec-es.strings */,
				7C076E222D1347930082C4F9 /* FaceTec-fr.strings */,
				7C076E1E2D1347930082C4F9 /* FaceTec-kk.strings */,
				7C076E1C2D1347930082C4F9 /* FaceTec-nb.strings */,
				7C076E1F2D1347930082C4F9 /* FaceTec-pt-BR.strings */,
				7C076E242D1347930082C4F9 /* FaceTec-ru.strings */,
				7C076E1D2D1347930082C4F9 /* FaceTec.strings */,
				7C076E192D1347930082C4F9 /* FaceTecConfigurationForTestApplication.xcconfig */,
				7C435D692BA1D69000A5ADCD /* AzifaceMobile.m */,
				7C435D622BA1D56900A5ADCD /* Config.swift */,
				7C21A3AA2BA330360083BDB0 /* Frameworks */,
				7C435D6C2BA1D8DB00A5ADCD /* AzifaceMobile.h */,
				134814211AA4EA7D00B7C361 /* Products */,
			);
			sourceTree = "<group>";
		};
		7C21A3AA2BA330360083BDB0 /* Frameworks */ = {
			isa = PBXGroup;
			children = (
				7C076E302D13549A0082C4F9 /* FaceTecSDK.xcframework */,
			);
			path = Frameworks;
			sourceTree = "<group>";
		};
		CEBC6E932AA66F4000A76DE0 /* ViewController */ = {
			isa = PBXGroup;
			children = (
				84F1C9802AB2257700A8261D /* AziFaceViewController.swift */,
			);
			path = ViewController;
			sourceTree = "<group>";
		};
		CEBC6E962AA66F4E00A76DE0 /* Utilities */ = {
			isa = PBXGroup;
			children = (
				CEBC6E972AA66F5800A76DE0 /* FaceTecUtilities.swift */,
			);
			path = Utilities;
			sourceTree = "<group>";
		};
		CEBC6EA22AA66FC900A76DE0 /* Processors */ = {
			isa = PBXGroup;
			children = (
				CEBC6EA32AA66FD200A76DE0 /* Helpers */,
				CEBC6EA92AA66FF300A76DE0 /* PhotoIDMatchProcessor.swift */,
				CEBC6EAA2AA66FF300A76DE0 /* PhotoIDScanProcessor.swift */,
				CEBC6EA72AA66FF300A76DE0 /* ProcesingDelegate.swift */,
				7C9ECD092BD1449C00638710 /* LivenessCheckProcessor.swift */,
				7C9ECD0D2BD144BA00638710 /* AuthenticateProcessor.swift */,
				7C9ECD0B2BD144AC00638710 /* EnrollmentProcessor.swift */,
			);
			path = Processors;
			sourceTree = "<group>";
		};
		CEBC6EA32AA66FD200A76DE0 /* Helpers */ = {
			isa = PBXGroup;
			children = (
				CEBC6EA42AA66FDD00A76DE0 /* ThemeHelpers.swift */,
				CEE455C22AA6869C0063FD54 /* ThemeUtils.swift */,
			);
			path = Helpers;
			sourceTree = "<group>";
		};
		DD9D60802E71A19A0009EEB4 /* VocalGuidanceSoundFiles */ = {
			isa = PBXGroup;
			children = (
				DD9D60782E71A19A0009EEB4 /* facescan_successful_sound_file.mp3 */,
				DD9D60792E71A19A0009EEB4 /* please_frame_your_face_sound_file.mp3 */,
				DD9D607A2E71A19A0009EEB4 /* please_move_closer_sound_file.mp3 */,
				DD9D607B2E71A19A0009EEB4 /* please_press_button_sound_file.mp3 */,
				DD9D607C2E71A19A0009EEB4 /* please_retry_sound_file.mp3 */,
				DD9D607D2E71A19A0009EEB4 /* uploading_sound_file.mp3 */,
				DD9D607E2E71A19A0009EEB4 /* vocal_guidance_off.mp3 */,
				DD9D607F2E71A19A0009EEB4 /* vocal_guidance_on.mp3 */,
			);
			path = VocalGuidanceSoundFiles;
			sourceTree = "<group>";
		};
/* End PBXGroup section */

/* Begin PBXNativeTarget section */
		58B511DA1A9E6C8500147676 /* AzifaceMobile */ = {
			isa = PBXNativeTarget;
			buildConfigurationList = 58B511EF1A9E6C8500147676 /* Build configuration list for PBXNativeTarget "AzifaceMobile" */;
			buildPhases = (
				58B511D71A9E6C8500147676 /* Sources */,
				58B511D81A9E6C8500147676 /* Frameworks */,
				58B511D91A9E6C8500147676 /* CopyFiles */,
				DD9D60932E71AC7E0009EEB4 /* Resources */,
			);
			buildRules = (
			);
			dependencies = (
			);
			name = AzifaceMobile;
			productName = RCTDataManager;
			productReference = 134814201AA4EA6300B7C361 /* libAzifaceMobile.a */;
			productType = "com.apple.product-type.library.static";
		};
/* End PBXNativeTarget section */

/* Begin PBXProject section */
		58B511D31A9E6C8500147676 /* Project object */ = {
			isa = PBXProject;
			attributes = {
				LastUpgradeCheck = 0920;
				ORGANIZATIONNAME = Facebook;
				TargetAttributes = {
					58B511DA1A9E6C8500147676 = {
						CreatedOnToolsVersion = 6.1.1;
					};
				};
			};
			buildConfigurationList = 58B511D61A9E6C8500147676 /* Build configuration list for PBXProject "AzifaceMobile" */;
			compatibilityVersion = "Xcode 3.2";
			developmentRegion = English;
			hasScannedForEncodings = 0;
			knownRegions = (
				English,
				en,
			);
			mainGroup = 58B511D21A9E6C8500147676;
			productRefGroup = 58B511D21A9E6C8500147676;
			projectDirPath = "";
			projectRoot = "";
			targets = (
				58B511DA1A9E6C8500147676 /* AzifaceMobile */,
			);
		};
/* End PBXProject section */

/* Begin PBXResourcesBuildPhase section */
		DD9D60932E71AC7E0009EEB4 /* Resources */ = {
			isa = PBXResourcesBuildPhase;
			buildActionMask = 2147483647;
			files = (
				DD9D60942E71AC8B0009EEB4 /* facescan_successful_sound_file.mp3 in Resources */,
				DD9D60952E71AC8B0009EEB4 /* please_frame_your_face_sound_file.mp3 in Resources */,
				DD9D60962E71AC8B0009EEB4 /* please_move_closer_sound_file.mp3 in Resources */,
				DD9D60972E71AC8B0009EEB4 /* please_press_button_sound_file.mp3 in Resources */,
				DD9D60982E71AC8B0009EEB4 /* please_retry_sound_file.mp3 in Resources */,
				DD9D60992E71AC8B0009EEB4 /* uploading_sound_file.mp3 in Resources */,
				DD9D609A2E71AC8B0009EEB4 /* vocal_guidance_off.mp3 in Resources */,
				DD9D609B2E71AC8B0009EEB4 /* vocal_guidance_on.mp3 in Resources */,
				DD9D609C2E71AC8B0009EEB4 /* FaceTec_OCR_Customization.json in Resources */,
			);
			runOnlyForDeploymentPostprocessing = 0;
		};
/* End PBXResourcesBuildPhase section */

/* Begin PBXSourcesBuildPhase section */
		58B511D71A9E6C8500147676 /* Sources */ = {
			isa = PBXSourcesBuildPhase;
			buildActionMask = 2147483647;
			files = (
				7C435D6A2BA1D69000A5ADCD /* AzifaceMobile.m in Sources */,
				7C435D632BA1D56900A5ADCD /* Config.swift in Sources */,
				7C435D612BA1D46D00A5ADCD /* AzifaceMobile.swift in Sources */,
			);
			runOnlyForDeploymentPostprocessing = 0;
		};
/* End PBXSourcesBuildPhase section */

/* Begin XCBuildConfiguration section */
		58B511ED1A9E6C8500147676 /* Debug */ = {
			isa = XCBuildConfiguration;
			buildSettings = {
				ALWAYS_SEARCH_USER_PATHS = NO;
				CLANG_CXX_LANGUAGE_STANDARD = "gnu++0x";
				CLANG_CXX_LIBRARY = "libc++";
				CLANG_ENABLE_MODULES = YES;
				CLANG_ENABLE_OBJC_ARC = YES;
				CLANG_WARN_BLOCK_CAPTURE_AUTORELEASING = YES;
				CLANG_WARN_BOOL_CONVERSION = YES;
				CLANG_WARN_COMMA = YES;
				CLANG_WARN_CONSTANT_CONVERSION = YES;
				CLANG_WARN_DIRECT_OBJC_ISA_USAGE = YES_ERROR;
				CLANG_WARN_EMPTY_BODY = YES;
				CLANG_WARN_ENUM_CONVERSION = YES;
				CLANG_WARN_INFINITE_RECURSION = YES;
				CLANG_WARN_INT_CONVERSION = YES;
				CLANG_WARN_NON_LITERAL_NULL_CONVERSION = YES;
				CLANG_WARN_OBJC_LITERAL_CONVERSION = YES;
				CLANG_WARN_OBJC_ROOT_CLASS = YES_ERROR;
				CLANG_WARN_RANGE_LOOP_ANALYSIS = YES;
				CLANG_WARN_STRICT_PROTOTYPES = YES;
				CLANG_WARN_SUSPICIOUS_MOVE = YES;
				CLANG_WARN_UNREACHABLE_CODE = YES;
				CLANG_WARN__DUPLICATE_METHOD_MATCH = YES;
				COPY_PHASE_STRIP = NO;
				ENABLE_STRICT_OBJC_MSGSEND = YES;
				ENABLE_TESTABILITY = YES;
				"EXCLUDED_ARCHS[sdk=*]" = arm64;
				GCC_C_LANGUAGE_STANDARD = gnu99;
				GCC_DYNAMIC_NO_PIC = NO;
				GCC_NO_COMMON_BLOCKS = YES;
				GCC_OPTIMIZATION_LEVEL = 0;
				GCC_PREPROCESSOR_DEFINITIONS = (
					"DEBUG=1",
					"$(inherited)",
				);
				GCC_SYMBOLS_PRIVATE_EXTERN = NO;
				GCC_WARN_64_TO_32_BIT_CONVERSION = YES;
				GCC_WARN_ABOUT_RETURN_TYPE = YES_ERROR;
				GCC_WARN_UNDECLARED_SELECTOR = YES;
				GCC_WARN_UNINITIALIZED_AUTOS = YES_AGGRESSIVE;
				GCC_WARN_UNUSED_FUNCTION = YES;
				GCC_WARN_UNUSED_VARIABLE = YES;
				IPHONEOS_DEPLOYMENT_TARGET = 8.0;
				MTL_ENABLE_DEBUG_INFO = YES;
				ONLY_ACTIVE_ARCH = YES;
				SDKROOT = iphoneos;
				SWIFT_OBJC_BRIDGING_HEADER = "";
			};
			name = Debug;
		};
		58B511EE1A9E6C8500147676 /* Release */ = {
			isa = XCBuildConfiguration;
			buildSettings = {
				ALWAYS_SEARCH_USER_PATHS = NO;
				CLANG_CXX_LANGUAGE_STANDARD = "gnu++0x";
				CLANG_CXX_LIBRARY = "libc++";
				CLANG_ENABLE_MODULES = YES;
				CLANG_ENABLE_OBJC_ARC = YES;
				CLANG_WARN_BLOCK_CAPTURE_AUTORELEASING = YES;
				CLANG_WARN_BOOL_CONVERSION = YES;
				CLANG_WARN_COMMA = YES;
				CLANG_WARN_CONSTANT_CONVERSION = YES;
				CLANG_WARN_DIRECT_OBJC_ISA_USAGE = YES_ERROR;
				CLANG_WARN_EMPTY_BODY = YES;
				CLANG_WARN_ENUM_CONVERSION = YES;
				CLANG_WARN_INFINITE_RECURSION = YES;
				CLANG_WARN_INT_CONVERSION = YES;
				CLANG_WARN_NON_LITERAL_NULL_CONVERSION = YES;
				CLANG_WARN_OBJC_LITERAL_CONVERSION = YES;
				CLANG_WARN_OBJC_ROOT_CLASS = YES_ERROR;
				CLANG_WARN_RANGE_LOOP_ANALYSIS = YES;
				CLANG_WARN_STRICT_PROTOTYPES = YES;
				CLANG_WARN_SUSPICIOUS_MOVE = YES;
				CLANG_WARN_UNREACHABLE_CODE = YES;
				CLANG_WARN__DUPLICATE_METHOD_MATCH = YES;
				COPY_PHASE_STRIP = YES;
				ENABLE_NS_ASSERTIONS = NO;
				ENABLE_STRICT_OBJC_MSGSEND = YES;
				"EXCLUDED_ARCHS[sdk=*]" = arm64;
				GCC_C_LANGUAGE_STANDARD = gnu99;
				GCC_NO_COMMON_BLOCKS = YES;
				GCC_WARN_64_TO_32_BIT_CONVERSION = YES;
				GCC_WARN_ABOUT_RETURN_TYPE = YES_ERROR;
				GCC_WARN_UNDECLARED_SELECTOR = YES;
				GCC_WARN_UNINITIALIZED_AUTOS = YES_AGGRESSIVE;
				GCC_WARN_UNUSED_FUNCTION = YES;
				GCC_WARN_UNUSED_VARIABLE = YES;
				IPHONEOS_DEPLOYMENT_TARGET = 8.0;
				MTL_ENABLE_DEBUG_INFO = NO;
				SDKROOT = iphoneos;
				SWIFT_OBJC_BRIDGING_HEADER = "";
				VALIDATE_PRODUCT = YES;
			};
			name = Release;
		};
		58B511F01A9E6C8500147676 /* Debug */ = {
			isa = XCBuildConfiguration;
			buildSettings = {
				APPLY_RULES_IN_COPY_HEADERS = NO;
				FRAMEWORK_SEARCH_PATHS = (
					"$(inherited)",
					"$(PROJECT_DIR)/Frameworks",
					"$(PROJECT_DIR)",
				);
				HEADER_SEARCH_PATHS = (
					"$(inherited)",
					/Applications/Xcode.app/Contents/Developer/Toolchains/XcodeDefault.xctoolchain/usr/include,
					"$(SRCROOT)/../../../React/**",
					"$(SRCROOT)/../../react-native/React/**",
				);
				IPHONEOS_DEPLOYMENT_TARGET = 12.4;
				LIBRARY_SEARCH_PATHS = "$(inherited)";
				OTHER_LDFLAGS = "-ObjC";
				PRODUCT_NAME = AzifaceMobile;
				SKIP_INSTALL = YES;
				SWIFT_OBJC_BRIDGING_HEADER = AzifaceMobile.h;
				SWIFT_OPTIMIZATION_LEVEL = "-Onone";
				SWIFT_VERSION = 5.0;
			};
			name = Debug;
		};
		58B511F11A9E6C8500147676 /* Release */ = {
			isa = XCBuildConfiguration;
			buildSettings = {
				APPLY_RULES_IN_COPY_HEADERS = NO;
				FRAMEWORK_SEARCH_PATHS = (
					"$(inherited)",
					"$(PROJECT_DIR)/Frameworks",
					"$(PROJECT_DIR)",
				);
				HEADER_SEARCH_PATHS = (
					"$(inherited)",
					/Applications/Xcode.app/Contents/Developer/Toolchains/XcodeDefault.xctoolchain/usr/include,
					"$(SRCROOT)/../../../React/**",
					"$(SRCROOT)/../../react-native/React/**",
				);
				IPHONEOS_DEPLOYMENT_TARGET = 12.4;
				LIBRARY_SEARCH_PATHS = "$(inherited)";
				OTHER_LDFLAGS = "-ObjC";
				PRODUCT_NAME = AzifaceMobile;
				SKIP_INSTALL = YES;
				SWIFT_OBJC_BRIDGING_HEADER = AzifaceMobile.h;
				SWIFT_VERSION = 5.0;
			};
			name = Release;
		};
/* End XCBuildConfiguration section */

/* Begin XCConfigurationList section */
		58B511D61A9E6C8500147676 /* Build configuration list for PBXProject "AzifaceMobile" */ = {
			isa = XCConfigurationList;
			buildConfigurations = (
				58B511ED1A9E6C8500147676 /* Debug */,
				58B511EE1A9E6C8500147676 /* Release */,
			);
			defaultConfigurationIsVisible = 0;
			defaultConfigurationName = Release;
		};
		58B511EF1A9E6C8500147676 /* Build configuration list for PBXNativeTarget "AzifaceMobile" */ = {
			isa = XCConfigurationList;
			buildConfigurations = (
				58B511F01A9E6C8500147676 /* Debug */,
				58B511F11A9E6C8500147676 /* Release */,
			);
			defaultConfigurationIsVisible = 0;
			defaultConfigurationName = Release;
		};
/* End XCConfigurationList section */
	};
	rootObject = 58B511D31A9E6C8500147676 /* Project object */;
}
